{
    "name": "laravel-samlidp",
    "lockfileVersion": 2,
    "requires": true,
    "packages": {
        "": {
            "devDependencies": {
                "@prettier/plugin-php": "^0.18.9",
                "prettier": "^2.7.1"
            }
        },
        "node_modules/@prettier/plugin-php": {
            "version": "0.18.9",
            "resolved": "https://registry.npmjs.org/@prettier/plugin-php/-/plugin-php-0.18.9.tgz",
            "integrity": "sha512-d1uE9v3JsQ9uBLWlssZhO02RLI8u8jRBFPCO5ud4VbveCpSZbDRnGpSuK3IqSWHdM/OnuySz0yWr5M9/9mINvw==",
            "dev": true,
            "dependencies": {
                "linguist-languages": "^7.21.0",
                "mem": "^8.0.0",
                "php-parser": "3.1.0-beta.11"
            },
            "peerDependencies": {
                "prettier": "^1.15.0 || ^2.0.0"
            }
        },
        "node_modules/linguist-languages": {
            "version": "7.21.0",
            "resolved": "https://registry.npmjs.org/linguist-languages/-/linguist-languages-7.21.0.tgz",
            "integrity": "sha512-KrWJJbFOvlDhjlt5OhUipVlXg+plUfRurICAyij1ZVxQcqPt/zeReb9KiUVdGUwwhS/2KS9h3TbyfYLA5MDlxQ==",
            "dev": true
        },
        "node_modules/map-age-cleaner": {
            "version": "0.1.3",
            "resolved": "https://registry.npmjs.org/map-age-cleaner/-/map-age-cleaner-0.1.3.tgz",
            "integrity": "sha512-bJzx6nMoP6PDLPBFmg7+xRKeFZvFboMrGlxmNj9ClvX53KrmvM5bXFXEWjbz4cz1AFn+jWJ9z/DJSz7hrs0w3w==",
            "dev": true,
            "dependencies": {
                "p-defer": "^1.0.0"
            },
            "engines": {
                "node": ">=6"
            }
        },
        "node_modules/mem": {
            "version": "8.1.1",
            "resolved": "https://registry.npmjs.org/mem/-/mem-8.1.1.tgz",
            "integrity": "sha512-qFCFUDs7U3b8mBDPyz5EToEKoAkgCzqquIgi9nkkR9bixxOVOre+09lbuH7+9Kn2NFpm56M3GUWVbU2hQgdACA==",
            "dev": true,
            "dependencies": {
                "map-age-cleaner": "^0.1.3",
                "mimic-fn": "^3.1.0"
            },
            "engines": {
                "node": ">=10"
            },
            "funding": {
                "url": "https://github.com/sindresorhus/mem?sponsor=1"
            }
        },
        "node_modules/mimic-fn": {
            "version": "3.1.0",
            "resolved": "https://registry.npmjs.org/mimic-fn/-/mimic-fn-3.1.0.tgz",
            "integrity": "sha512-Ysbi9uYW9hFyfrThdDEQuykN4Ey6BuwPD2kpI5ES/nFTDn/98yxYNLZJcgUAKPT/mcrLLKaGzJR9YVxJrIdASQ==",
            "dev": true,
            "engines": {
                "node": ">=8"
            }
        },
        "node_modules/p-defer": {
            "version": "1.0.0",
            "resolved": "https://registry.npmjs.org/p-defer/-/p-defer-1.0.0.tgz",
            "integrity": "sha512-wB3wfAxZpk2AzOfUMJNL+d36xothRSyj8EXOa4f6GMqYDN9BJaaSISbsk+wS9abmnebVw95C2Kb5t85UmpCxuw==",
            "dev": true,
            "engines": {
                "node": ">=4"
            }
        },
        "node_modules/php-parser": {
            "version": "3.1.0-beta.11",
            "resolved": "https://registry.npmjs.org/php-parser/-/php-parser-3.1.0-beta.11.tgz",
            "integrity": "sha512-aKhWHXun6FKa0MX+GcJtEoLPSWuGQTiEkNgckVjT95OAnKG33c+zsDQEpXx4R74PQ030YZLNq9XV7odKapbOsg==",
            "dev": true
        },
        "node_modules/prettier": {
            "version": "2.7.1",
            "resolved": "https://registry.npmjs.org/prettier/-/prettier-2.7.1.tgz",
            "integrity": "sha512-ujppO+MkdPqoVINuDFDRLClm7D78qbDt0/NR+wp5FqEZOoTNAjPHWj17QRhu7geIHJfcNhRk1XVQmF8Bp3ye+g==",
            "dev": true,
            "bin": {
                "prettier": "bin-prettier.js"
            },
            "engines": {
                "node": ">=10.13.0"
            },
            "funding": {
                "url": "https://github.com/prettier/prettier?sponsor=1"
            }
        }
    },
    "dependencies": {
        "@prettier/plugin-php": {
            "version": "0.18.9",
            "resolved": "https://registry.npmjs.org/@prettier/plugin-php/-/plugin-php-0.18.9.tgz",
            "integrity": "sha512-d1uE9v3JsQ9uBLWlssZhO02RLI8u8jRBFPCO5ud4VbveCpSZbDRnGpSuK3IqSWHdM/OnuySz0yWr5M9/9mINvw==",
            "dev": true,
            "requires": {
                "linguist-languages": "^7.21.0",
                "mem": "^8.0.0",
                "php-parser": "3.1.0-beta.11"
            }
        },
        "linguist-languages": {
            "version": "7.21.0",
            "resolved": "https://registry.npmjs.org/linguist-languages/-/linguist-languages-7.21.0.tgz",
            "integrity": "sha512-KrWJJbFOvlDhjlt5OhUipVlXg+plUfRurICAyij1ZVxQcqPt/zeReb9KiUVdGUwwhS/2KS9h3TbyfYLA5MDlxQ==",
            "dev": true
        },
        "map-age-cleaner": {
            "version": "0.1.3",
            "resolved": "https://registry.npmjs.org/map-age-cleaner/-/map-age-cleaner-0.1.3.tgz",
            "integrity": "sha512-bJzx6nMoP6PDLPBFmg7+xRKeFZvFboMrGlxmNj9ClvX53KrmvM5bXFXEWjbz4cz1AFn+jWJ9z/DJSz7hrs0w3w==",
            "dev": true,
            "requires": {
                "p-defer": "^1.0.0"
            }
        },
        "mem": {
            "version": "8.1.1",
            "resolved": "https://registry.npmjs.org/mem/-/mem-8.1.1.tgz",
            "integrity": "sha512-qFCFUDs7U3b8mBDPyz5EToEKoAkgCzqquIgi9nkkR9bixxOVOre+09lbuH7+9Kn2NFpm56M3GUWVbU2hQgdACA==",
            "dev": true,
            "requires": {
                "map-age-cleaner": "^0.1.3",
                "mimic-fn": "^3.1.0"
            }
        },
        "mimic-fn": {
            "version": "3.1.0",
            "resolved": "https://registry.npmjs.org/mimic-fn/-/mimic-fn-3.1.0.tgz",
            "integrity": "sha512-Ysbi9uYW9hFyfrThdDEQuykN4Ey6BuwPD2kpI5ES/nFTDn/98yxYNLZJcgUAKPT/mcrLLKaGzJR9YVxJrIdASQ==",
            "dev": true
        },
        "p-defer": {
            "version": "1.0.0",
            "resolved": "https://registry.npmjs.org/p-defer/-/p-defer-1.0.0.tgz",
            "integrity": "sha512-wB3wfAxZpk2AzOfUMJNL+d36xothRSyj8EXOa4f6GMqYDN9BJaaSISbsk+wS9abmnebVw95C2Kb5t85UmpCxuw==",
            "dev": true
        },
        "php-parser": {
            "version": "3.1.0-beta.11",
            "resolved": "https://registry.npmjs.org/php-parser/-/php-parser-3.1.0-beta.11.tgz",
            "integrity": "sha512-aKhWHXun6FKa0MX+GcJtEoLPSWuGQTiEkNgckVjT95OAnKG33c+zsDQEpXx4R74PQ030YZLNq9XV7odKapbOsg==",
            "dev": true
        },
        "prettier": {
            "version": "2.7.1",
            "resolved": "https://registry.npmjs.org/prettier/-/prettier-2.7.1.tgz",
            "integrity": "sha512-ujppO+MkdPqoVINuDFDRLClm7D78qbDt0/NR+wp5FqEZOoTNAjPHWj17QRhu7geIHJfcNhRk1XVQmF8Bp3ye+g==",
            "dev": true
        }
    }
}
